{
  "version": 4,
  "terraform_version": "1.4.6",
  "serial": 103,
  "lineage": "ad5bc15c-71a1-6d50-1e4d-6458f719a43f",
  "outputs": {},
  "resources": [
    {
      "mode": "data",
      "type": "aws_availability_zones",
      "name": "available",
      "provider": "provider[\"registry.terraform.io/hashicorp/aws\"]",
      "instances": [
        {
          "schema_version": 0,
          "attributes": {
            "all_availability_zones": null,
            "exclude_names": null,
            "exclude_zone_ids": null,
            "filter": null,
            "group_names": [
              "us-east-2"
            ],
            "id": "us-east-2",
            "names": [
              "us-east-2a",
              "us-east-2b",
              "us-east-2c"
            ],
            "state": null,
            "timeouts": null,
            "zone_ids": [
              "use2-az1",
              "use2-az2",
              "use2-az3"
            ]
          },
          "sensitive_attributes": []
        }
      ]
    },
    {
      "mode": "data",
      "type": "aws_secretsmanager_random_password",
      "name": "rds_password",
      "provider": "provider[\"registry.terraform.io/hashicorp/aws\"]",
      "instances": [
        {
          "schema_version": 0,
          "attributes": {
            "exclude_characters": null,
            "exclude_lowercase": null,
            "exclude_numbers": null,
            "exclude_punctuation": null,
            "exclude_uppercase": null,
            "id": "_[MSPT,e4|jp4?6;^hcH1jvZBgW?7EiA",
            "include_space": null,
            "password_length": 32,
            "random_password": "_[MSPT,e4|jp4?6;^hcH1jvZBgW?7EiA",
            "require_each_included_type": true
          },
          "sensitive_attributes": []
        }
      ]
    },
    {
      "mode": "data",
      "type": "aws_ssm_parameter",
      "name": "database_subnets",
      "provider": "provider[\"registry.terraform.io/hashicorp/aws\"]",
      "instances": [
        {
          "schema_version": 0,
          "attributes": {
            "arn": "arn:aws:ssm:us-east-2:135369465915:parameter/vpc/database_subnets",
            "id": "/vpc/database_subnets",
            "insecure_value": "subnet-0ae1e6f856ef16177,subnet-0e8236f75896b0669",
            "name": "/vpc/database_subnets",
            "type": "String",
            "value": "subnet-0ae1e6f856ef16177,subnet-0e8236f75896b0669",
            "version": 1,
            "with_decryption": true
          },
          "sensitive_attributes": []
        }
      ]
    },
    {
      "mode": "data",
      "type": "aws_ssm_parameter",
      "name": "vpc_database_subnet_arns",
      "provider": "provider[\"registry.terraform.io/hashicorp/aws\"]",
      "instances": [
        {
          "schema_version": 0,
          "attributes": {
            "arn": "arn:aws:ssm:us-east-2:135369465915:parameter/vpc/database_subnet_arns",
            "id": "/vpc/database_subnet_arns",
            "insecure_value": "arn:aws:ec2:us-east-2:135369465915:subnet/subnet-0ae1e6f856ef16177,arn:aws:ec2:us-east-2:135369465915:subnet/subnet-0e8236f75896b0669",
            "name": "/vpc/database_subnet_arns",
            "type": "String",
            "value": "arn:aws:ec2:us-east-2:135369465915:subnet/subnet-0ae1e6f856ef16177,arn:aws:ec2:us-east-2:135369465915:subnet/subnet-0e8236f75896b0669",
            "version": 1,
            "with_decryption": true
          },
          "sensitive_attributes": []
        }
      ]
    },
    {
      "mode": "data",
      "type": "aws_ssm_parameter",
      "name": "vpc_id",
      "provider": "provider[\"registry.terraform.io/hashicorp/aws\"]",
      "instances": [
        {
          "schema_version": 0,
          "attributes": {
            "arn": "arn:aws:ssm:us-east-2:135369465915:parameter/vpc/vpc_id",
            "id": "/vpc/vpc_id",
            "insecure_value": "vpc-0445dfe21a3534e3a",
            "name": "/vpc/vpc_id",
            "type": "String",
            "value": "vpc-0445dfe21a3534e3a",
            "version": 1,
            "with_decryption": true
          },
          "sensitive_attributes": []
        }
      ]
    },
    {
      "mode": "data",
      "type": "aws_ssm_parameter",
      "name": "vpc_private_subnet_arns",
      "provider": "provider[\"registry.terraform.io/hashicorp/aws\"]",
      "instances": [
        {
          "schema_version": 0,
          "attributes": {
            "arn": "arn:aws:ssm:us-east-2:135369465915:parameter/vpc/private_subnet_arns",
            "id": "/vpc/private_subnet_arns",
            "insecure_value": "arn:aws:ec2:us-east-2:135369465915:subnet/subnet-02dde8f363ac59686,arn:aws:ec2:us-east-2:135369465915:subnet/subnet-0322b78fe8452443a",
            "name": "/vpc/private_subnet_arns",
            "type": "String",
            "value": "arn:aws:ec2:us-east-2:135369465915:subnet/subnet-02dde8f363ac59686,arn:aws:ec2:us-east-2:135369465915:subnet/subnet-0322b78fe8452443a",
            "version": 1,
            "with_decryption": true
          },
          "sensitive_attributes": []
        }
      ]
    },
    {
      "mode": "data",
      "type": "aws_ssm_parameter",
      "name": "vpc_private_subnets_cidr_blocks_arns",
      "provider": "provider[\"registry.terraform.io/hashicorp/aws\"]",
      "instances": [
        {
          "schema_version": 0,
          "attributes": {
            "arn": "arn:aws:ssm:us-east-2:135369465915:parameter/vpc/database_subnets_cidr_blocks",
            "id": "/vpc/database_subnets_cidr_blocks",
            "insecure_value": "10.0.96.0/24,10.0.97.0/24",
            "name": "/vpc/database_subnets_cidr_blocks",
            "type": "String",
            "value": "10.0.96.0/24,10.0.97.0/24",
            "version": 1,
            "with_decryption": true
          },
          "sensitive_attributes": []
        }
      ]
    },
    {
      "mode": "managed",
      "type": "aws_db_parameter_group",
      "name": "name",
      "provider": "provider[\"registry.terraform.io/hashicorp/aws\"]",
      "instances": [
        {
          "schema_version": 0,
          "attributes": {
            "arn": "arn:aws:rds:us-east-2:135369465915:pg:name",
            "description": "Managed by Terraform",
            "family": "postgres14",
            "id": "name",
            "name": "name",
            "name_prefix": null,
            "parameter": [
              {
                "apply_method": "immediate",
                "name": "log_connections",
                "value": "1"
              }
            ],
            "tags": {},
            "tags_all": {}
          },
          "sensitive_attributes": [],
          "private": "bnVsbA=="
        }
      ]
    },
    {
      "mode": "managed",
      "type": "aws_db_subnet_group",
      "name": "main",
      "provider": "provider[\"registry.terraform.io/hashicorp/aws\"]",
      "instances": [
        {
          "schema_version": 0,
          "attributes": {
            "arn": "arn:aws:rds:us-east-2:135369465915:subgrp:main",
            "description": "Managed by Terraform",
            "id": "main",
            "name": "main",
            "name_prefix": "",
            "subnet_ids": [
              "subnet-0ae1e6f856ef16177",
              "subnet-0e8236f75896b0669"
            ],
            "supported_network_types": [
              "IPV4"
            ],
            "tags": {
              "Name": "My DB subnet group"
            },
            "tags_all": {
              "Name": "My DB subnet group"
            },
            "vpc_id": "vpc-0445dfe21a3534e3a"
          },
          "sensitive_attributes": [
            [
              {
                "type": "get_attr",
                "value": "subnet_ids"
              }
            ]
          ],
          "private": "bnVsbA==",
          "dependencies": [
            "data.aws_ssm_parameter.database_subnets"
          ]
        }
      ]
    },
    {
      "mode": "managed",
      "type": "aws_rds_cluster",
      "name": "postgresql",
      "provider": "provider[\"registry.terraform.io/hashicorp/aws\"]",
      "instances": [
        {
          "schema_version": 0,
          "attributes": {
            "allocated_storage": 1,
            "allow_major_version_upgrade": null,
            "apply_immediately": null,
            "arn": "arn:aws:rds:us-east-2:135369465915:cluster:value-rds",
            "availability_zones": [
              "us-east-2a",
              "us-east-2b"
            ],
            "backtrack_window": 0,
            "backup_retention_period": 1,
            "cluster_identifier": "value-rds",
            "cluster_identifier_prefix": null,
            "cluster_members": [],
            "cluster_resource_id": "cluster-NDQWTIA72DAMW47QJ3X5ORH3VI",
            "copy_tags_to_snapshot": false,
            "database_name": "Skilja",
            "db_cluster_instance_class": "",
            "db_cluster_parameter_group_name": "default.aurora-postgresql14",
            "db_instance_parameter_group_name": null,
            "db_subnet_group_name": "default",
            "deletion_protection": false,
            "enable_global_write_forwarding": false,
            "enable_http_endpoint": false,
            "enabled_cloudwatch_logs_exports": null,
            "endpoint": "value-rds.cluster-c3zjltch4llt.us-east-2.rds.amazonaws.com",
            "engine": "aurora-postgresql",
            "engine_mode": "provisioned",
            "engine_version": "14.6",
            "engine_version_actual": "14.6",
            "final_snapshot_identifier": null,
            "global_cluster_identifier": "",
            "hosted_zone_id": "Z2XHWR1WZ565X2",
            "iam_database_authentication_enabled": false,
            "iam_roles": [],
            "id": "value-rds",
            "iops": 0,
            "kms_key_id": "",
            "manage_master_user_password": null,
            "master_password": "_[MSPT,e4|jp4?6;^hcH1jvZBgW?7EiA",
            "master_user_secret": [],
            "master_user_secret_kms_key_id": null,
            "master_username": "Skilja",
            "network_type": "IPV4",
            "port": 5432,
            "preferred_backup_window": "04:32-05:02",
            "preferred_maintenance_window": "sat:07:36-sat:08:06",
            "reader_endpoint": "value-rds.cluster-ro-c3zjltch4llt.us-east-2.rds.amazonaws.com",
            "replication_source_identifier": "",
            "restore_to_point_in_time": [],
            "s3_import": [],
            "scaling_configuration": [],
            "serverlessv2_scaling_configuration": [],
            "skip_final_snapshot": true,
            "snapshot_identifier": null,
            "source_region": null,
            "storage_encrypted": false,
            "storage_type": "",
            "tags": null,
            "tags_all": {},
            "timeouts": null,
            "vpc_security_group_ids": [
              "sg-09243babe951262a7"
            ]
          },
          "sensitive_attributes": [],
          "private": "eyJlMmJmYjczMC1lY2FhLTExZTYtOGY4OC0zNDM2M2JjN2M0YzAiOnsiY3JlYXRlIjo3MjAwMDAwMDAwMDAwLCJkZWxldGUiOjcyMDAwMDAwMDAwMDAsInVwZGF0ZSI6NzIwMDAwMDAwMDAwMH19",
          "dependencies": [
            "data.aws_secretsmanager_random_password.rds_password"
          ]
        }
      ]
    },
    {
      "mode": "managed",
      "type": "aws_rds_cluster_instance",
      "name": "cluster_instances",
      "provider": "provider[\"registry.terraform.io/hashicorp/aws\"]",
      "instances": [
        {
          "index_key": 0,
          "schema_version": 0,
          "attributes": {
            "apply_immediately": null,
            "arn": "arn:aws:rds:us-east-2:135369465915:db:aurora-cluster-demo-0",
            "auto_minor_version_upgrade": true,
            "availability_zone": "us-east-2a",
            "ca_cert_identifier": "rds-ca-2019",
            "cluster_identifier": "value-rds",
            "copy_tags_to_snapshot": false,
            "db_parameter_group_name": "default.aurora-postgresql14",
            "db_subnet_group_name": "default",
            "dbi_resource_id": "db-6RCLGYYDFYOKTA5H4XM66LOJLA",
            "endpoint": "aurora-cluster-demo-0.c3zjltch4llt.us-east-2.rds.amazonaws.com",
            "engine": "aurora-postgresql",
            "engine_version": "14.6",
            "engine_version_actual": "14.6",
            "id": "aurora-cluster-demo-0",
            "identifier": "aurora-cluster-demo-0",
            "identifier_prefix": null,
            "instance_class": "db.t3.medium",
            "kms_key_id": "",
            "monitoring_interval": 0,
            "monitoring_role_arn": "",
            "network_type": "IPV4",
            "performance_insights_enabled": false,
            "performance_insights_kms_key_id": "",
            "performance_insights_retention_period": 0,
            "port": 5432,
            "preferred_backup_window": "04:32-05:02",
            "preferred_maintenance_window": "sun:05:53-sun:06:23",
            "promotion_tier": 0,
            "publicly_accessible": false,
            "storage_encrypted": false,
            "tags": null,
            "tags_all": {},
            "timeouts": null,
            "writer": true
          },
          "sensitive_attributes": [],
          "private": "eyJlMmJmYjczMC1lY2FhLTExZTYtOGY4OC0zNDM2M2JjN2M0YzAiOnsiY3JlYXRlIjo1NDAwMDAwMDAwMDAwLCJkZWxldGUiOjU0MDAwMDAwMDAwMDAsInVwZGF0ZSI6NTQwMDAwMDAwMDAwMH19",
          "dependencies": [
            "aws_rds_cluster.postgresql",
            "data.aws_secretsmanager_random_password.rds_password"
          ]
        },
        {
          "index_key": 1,
          "schema_version": 0,
          "attributes": {
            "apply_immediately": null,
            "arn": "arn:aws:rds:us-east-2:135369465915:db:aurora-cluster-demo-1",
            "auto_minor_version_upgrade": true,
            "availability_zone": "us-east-2c",
            "ca_cert_identifier": "rds-ca-2019",
            "cluster_identifier": "value-rds",
            "copy_tags_to_snapshot": false,
            "db_parameter_group_name": "default.aurora-postgresql14",
            "db_subnet_group_name": "default",
            "dbi_resource_id": "db-SPU7GKJOIUL6MBM7V3V6GHLJ2I",
            "endpoint": "aurora-cluster-demo-1.c3zjltch4llt.us-east-2.rds.amazonaws.com",
            "engine": "aurora-postgresql",
            "engine_version": "14.6",
            "engine_version_actual": "14.6",
            "id": "aurora-cluster-demo-1",
            "identifier": "aurora-cluster-demo-1",
            "identifier_prefix": null,
            "instance_class": "db.t3.medium",
            "kms_key_id": "",
            "monitoring_interval": 0,
            "monitoring_role_arn": "",
            "network_type": "IPV4",
            "performance_insights_enabled": false,
            "performance_insights_kms_key_id": "",
            "performance_insights_retention_period": 0,
            "port": 5432,
            "preferred_backup_window": "04:32-05:02",
            "preferred_maintenance_window": "mon:07:20-mon:07:50",
            "promotion_tier": 0,
            "publicly_accessible": false,
            "storage_encrypted": false,
            "tags": null,
            "tags_all": {},
            "timeouts": null,
            "writer": false
          },
          "sensitive_attributes": [],
          "private": "eyJlMmJmYjczMC1lY2FhLTExZTYtOGY4OC0zNDM2M2JjN2M0YzAiOnsiY3JlYXRlIjo1NDAwMDAwMDAwMDAwLCJkZWxldGUiOjU0MDAwMDAwMDAwMDAsInVwZGF0ZSI6NTQwMDAwMDAwMDAwMH19",
          "dependencies": [
            "aws_rds_cluster.postgresql",
            "data.aws_secretsmanager_random_password.rds_password"
          ]
        }
      ]
    },
    {
      "mode": "managed",
      "type": "aws_secretsmanager_secret",
      "name": "rds_password_account_password",
      "provider": "provider[\"registry.terraform.io/hashicorp/aws\"]",
      "instances": [
        {
          "schema_version": 0,
          "attributes": {
            "arn": "arn:aws:secretsmanager:us-east-2:135369465915:secret:value-rds_password_account-wb8sjh",
            "description": "user",
            "force_overwrite_replica_secret": false,
            "id": "arn:aws:secretsmanager:us-east-2:135369465915:secret:value-rds_password_account-wb8sjh",
            "kms_key_id": "",
            "name": "value-rds_password_account",
            "name_prefix": "",
            "policy": "",
            "recovery_window_in_days": 0,
            "replica": [],
            "tags": {},
            "tags_all": {}
          },
          "sensitive_attributes": [],
          "private": "bnVsbA=="
        }
      ]
    },
    {
      "mode": "managed",
      "type": "aws_secretsmanager_secret_version",
      "name": "rds_password_account_password",
      "provider": "provider[\"registry.terraform.io/hashicorp/aws\"]",
      "instances": [
        {
          "schema_version": 0,
          "attributes": {
            "arn": "arn:aws:secretsmanager:us-east-2:135369465915:secret:value-rds_password_account-wb8sjh",
            "id": "arn:aws:secretsmanager:us-east-2:135369465915:secret:value-rds_password_account-wb8sjh|76B7E420-465B-4C87-9B49-0D633D7D913D",
            "secret_binary": "",
            "secret_id": "arn:aws:secretsmanager:us-east-2:135369465915:secret:value-rds_password_account-wb8sjh",
            "secret_string": "|aQ_Xab\\CkZC;J?uCA2{SV/U3OaKJY-9",
            "version_id": "76B7E420-465B-4C87-9B49-0D633D7D913D",
            "version_stages": [
              "AWSCURRENT"
            ]
          },
          "sensitive_attributes": [],
          "private": "bnVsbA==",
          "dependencies": [
            "aws_secretsmanager_secret.rds_password_account_password",
            "data.aws_secretsmanager_random_password.rds_password"
          ]
        }
      ]
    },
    {
      "mode": "managed",
      "type": "aws_security_group",
      "name": "rds",
      "provider": "provider[\"registry.terraform.io/hashicorp/aws\"]",
      "instances": [
        {
          "schema_version": 1,
          "attributes": {
            "arn": "arn:aws:ec2:us-east-2:135369465915:security-group/sg-0e4cab3bb21577a64",
            "description": "Managed by Terraform",
            "egress": [
              {
                "cidr_blocks": [
                  "0.0.0.0/0"
                ],
                "description": "",
                "from_port": 0,
                "ipv6_cidr_blocks": [],
                "prefix_list_ids": [],
                "protocol": "-1",
                "security_groups": [],
                "self": false,
                "to_port": 0
              }
            ],
            "id": "sg-0e4cab3bb21577a64",
            "ingress": [
              {
                "cidr_blocks": [
                  "0.0.0.0/0"
                ],
                "description": "",
                "from_port": 0,
                "ipv6_cidr_blocks": [],
                "prefix_list_ids": [],
                "protocol": "-1",
                "security_groups": [],
                "self": false,
                "to_port": 0
              }
            ],
            "name": "value-sg",
            "name_prefix": "",
            "owner_id": "135369465915",
            "revoke_rules_on_delete": false,
            "tags": {},
            "tags_all": {},
            "timeouts": null,
            "vpc_id": "vpc-0445dfe21a3534e3a"
          },
          "sensitive_attributes": [
            [
              {
                "type": "get_attr",
                "value": "vpc_id"
              }
            ]
          ],
          "private": "eyJlMmJmYjczMC1lY2FhLTExZTYtOGY4OC0zNDM2M2JjN2M0YzAiOnsiY3JlYXRlIjo2MDAwMDAwMDAwMDAsImRlbGV0ZSI6OTAwMDAwMDAwMDAwfSwic2NoZW1hX3ZlcnNpb24iOiIxIn0=",
          "dependencies": [
            "data.aws_ssm_parameter.vpc_id"
          ]
        }
      ]
    },
    {
      "mode": "managed",
      "type": "aws_security_group_rule",
      "name": "egress_group",
      "provider": "provider[\"registry.terraform.io/hashicorp/aws\"]",
      "instances": [
        {
          "schema_version": 2,
          "attributes": {
            "cidr_blocks": [
              "0.0.0.0/0"
            ],
            "description": "",
            "from_port": 0,
            "id": "sgrule-889053281",
            "ipv6_cidr_blocks": null,
            "prefix_list_ids": null,
            "protocol": "-1",
            "security_group_id": "sg-0e4cab3bb21577a64",
            "security_group_rule_id": "sgr-0ffacda07604d5aa8",
            "self": false,
            "source_security_group_id": null,
            "timeouts": null,
            "to_port": 0,
            "type": "egress"
          },
          "sensitive_attributes": [],
          "private": "eyJlMmJmYjczMC1lY2FhLTExZTYtOGY4OC0zNDM2M2JjN2M0YzAiOnsiY3JlYXRlIjozMDAwMDAwMDAwMDB9LCJzY2hlbWFfdmVyc2lvbiI6IjIifQ==",
          "dependencies": [
            "aws_security_group.rds",
            "data.aws_ssm_parameter.vpc_id"
          ]
        }
      ]
    },
    {
      "mode": "managed",
      "type": "aws_security_group_rule",
      "name": "ingress_group",
      "provider": "provider[\"registry.terraform.io/hashicorp/aws\"]",
      "instances": [
        {
          "schema_version": 2,
          "attributes": {
            "cidr_blocks": [
              "0.0.0.0/0"
            ],
            "description": "",
            "from_port": 0,
            "id": "sgrule-495341666",
            "ipv6_cidr_blocks": null,
            "prefix_list_ids": null,
            "protocol": "-1",
            "security_group_id": "sg-0e4cab3bb21577a64",
            "security_group_rule_id": "sgr-0ffacda07604d5aa8",
            "self": false,
            "source_security_group_id": null,
            "timeouts": null,
            "to_port": 0,
            "type": "ingress"
          },
          "sensitive_attributes": [],
          "private": "eyJlMmJmYjczMC1lY2FhLTExZTYtOGY4OC0zNDM2M2JjN2M0YzAiOnsiY3JlYXRlIjozMDAwMDAwMDAwMDB9LCJzY2hlbWFfdmVyc2lvbiI6IjIifQ==",
          "dependencies": [
            "aws_security_group.rds",
            "data.aws_ssm_parameter.vpc_id"
          ]
        }
      ]
    },
    {
      "mode": "managed",
      "type": "aws_ssm_parameter",
      "name": "rds_security_group_id",
      "provider": "provider[\"registry.terraform.io/hashicorp/aws\"]",
      "instances": [
        {
          "schema_version": 0,
          "attributes": {
            "allowed_pattern": "",
            "arn": "arn:aws:ssm:us-east-2:135369465915:parameter/run/value/rds/rds_security_group_id",
            "data_type": "text",
            "description": "",
            "id": "/run/value/rds/rds_security_group_id",
            "insecure_value": null,
            "key_id": "",
            "name": "/run/value/rds/rds_security_group_id",
            "overwrite": null,
            "tags": {},
            "tags_all": {},
            "tier": "Standard",
            "type": "String",
            "value": "sg-0e4cab3bb21577a64",
            "version": 1
          },
          "sensitive_attributes": [],
          "private": "bnVsbA==",
          "dependencies": [
            "aws_security_group.rds",
            "data.aws_ssm_parameter.vpc_id"
          ]
        }
      ]
    },
    {
      "mode": "managed",
      "type": "random_id",
      "name": "rds_password_account_username",
      "provider": "provider[\"registry.terraform.io/hashicorp/random\"]",
      "instances": [
        {
          "schema_version": 0,
          "attributes": {
            "b64_std": "obsvc-SNQJd2rU+A==",
            "b64_url": "obsvc-SNQJd2rU-A",
            "byte_length": 7,
            "dec": "obsvc-20499335446451448",
            "hex": "obsvc-48d409776ad4f8",
            "id": "SNQJd2rU-A",
            "keepers": null,
            "prefix": "obsvc-"
          },
          "sensitive_attributes": []
        }
      ]
    }
  ],
  "check_results": null
}
